
Microsoft Visual Studio Solution File, Format Version 12.00
# Visual Studio Version 16
VisualStudioVersion = 16.0.30711.63
MinimumVisualStudioVersion = 10.0.40219.1
Project("{FAE04EC0-301F-11D3-BF4B-00C04F79EFBC}") = "P01", "P01\P01.csproj", "{7501E0E4-959C-4D92-A022-90D3408AD891}"
EndProject
Project("{FAE04EC0-301F-11D3-BF4B-00C04F79EFBC}") = "P02", "P02\P02.csproj", "{57081198-EA1A-43D7-AF20-EBD98CF936FA}"
EndProject
Global
	GlobalSection(SolutionConfigurationPlatforms) = preSolution
		Debug|Any CPU = Debug|Any CPU
		Release|Any CPU = Release|Any CPU
	EndGlobalSection
	GlobalSection(ProjectConfigurationPlatforms) = postSolution
		{7501E0E4-959C-4D92-A022-90D3408AD891}.Debug|Any CPU.ActiveCfg = Debug|Any CPU
		{7501E0E4-959C-4D92-A022-90D3408AD891}.Debug|Any CPU.Build.0 = Debug|Any CPU
		{7501E0E4-959C-4D92-A022-90D3408AD891}.Release|Any CPU.ActiveCfg = Release|Any CPU
		{7501E0E4-959C-4D92-A022-90D3408AD891}.Release|Any CPU.Build.0 = Release|Any CPU
		{57081198-EA1A-43D7-AF20-EBD98CF936FA}.Debug|Any CPU.ActiveCfg = Debug|Any CPU
		{57081198-EA1A-43D7-AF20-EBD98CF936FA}.Debug|Any CPU.Build.0 = Debug|Any CPU
		{57081198-EA1A-43D7-AF20-EBD98CF936FA}.Release|Any CPU.ActiveCfg = Release|Any CPU
		{57081198-EA1A-43D7-AF20-EBD98CF936FA}.Release|Any CPU.Build.0 = Release|Any CPU
	EndGlobalSection
	GlobalSection(SolutionProperties) = preSolution
		HideSolutionNode = FALSE
	EndGlobalSection
	GlobalSection(ExtensibilityGlobals) = postSolution
		SolutionGuid = {43BB7AFA-35CB-4D3D-8B0A-D95BA35E8D67}
	EndGlobalSection
EndGlobal
